
Microsoft Visual Studio Solution File, Format Version 12.00
# Visual Studio Version 16
VisualStudioVersion = 16.0.30114.105
MinimumVisualStudioVersion = 10.0.40219.1
Project("{2150E333-8FDC-42A3-9474-1A3956D46DE8}") = "Solution Items", "Solution Items", "{3D61F58D-F4FE-41AE-9FA1-2919E8A984BF}"
	ProjectSection(SolutionItems) = preProject
		..\Readme.md = ..\Readme.md
	EndProjectSection
EndProject
Project("{FAE04EC0-301F-11D3-BF4B-00C04F79EFBC}") = "MusicStore.Domain", "MusicStore.Domain\MusicStore.Domain.csproj", "{F695CC35-6669-46C5-BA24-36EF9F4A7023}"
EndProject
Project("{FAE04EC0-301F-11D3-BF4B-00C04F79EFBC}") = "MusicStore.CoreFunctions", "MusicStore.CoreFunctions\MusicStore.CoreFunctions.csproj", "{FFB07915-6227-4BF6-97FB-D0062D15824A}"
EndProject
Global
	GlobalSection(SolutionConfigurationPlatforms) = preSolution
		Debug|Any CPU = Debug|Any CPU
		Release|Any CPU = Release|Any CPU
	EndGlobalSection
	GlobalSection(ProjectConfigurationPlatforms) = postSolution
		{F695CC35-6669-46C5-BA24-36EF9F4A7023}.Debug|Any CPU.ActiveCfg = Debug|Any CPU
		{F695CC35-6669-46C5-BA24-36EF9F4A7023}.Debug|Any CPU.Build.0 = Debug|Any CPU
		{F695CC35-6669-46C5-BA24-36EF9F4A7023}.Release|Any CPU.ActiveCfg = Release|Any CPU
		{F695CC35-6669-46C5-BA24-36EF9F4A7023}.Release|Any CPU.Build.0 = Release|Any CPU
		{FFB07915-6227-4BF6-97FB-D0062D15824A}.Debug|Any CPU.ActiveCfg = Debug|Any CPU
		{FFB07915-6227-4BF6-97FB-D0062D15824A}.Debug|Any CPU.Build.0 = Debug|Any CPU
		{FFB07915-6227-4BF6-97FB-D0062D15824A}.Release|Any CPU.ActiveCfg = Release|Any CPU
		{FFB07915-6227-4BF6-97FB-D0062D15824A}.Release|Any CPU.Build.0 = Release|Any CPU
	EndGlobalSection
	GlobalSection(SolutionProperties) = preSolution
		HideSolutionNode = FALSE
	EndGlobalSection
	GlobalSection(ExtensibilityGlobals) = postSolution
		SolutionGuid = {07464463-5FDE-40D7-A978-F60F98549D52}
	EndGlobalSection
EndGlobal
